// !$*UTF8*$!
{
	archiveVersion = 1;
	classes = {
	};
	objectVersion = 48;
	objects = {

/* Begin PBXBuildFile section */
		22067577200BD9E000236C2D /* GoogleService-Info.plist in Resources */ = {isa = PBXBuildFile; fileRef = 22067576200BD9E000236C2D /* GoogleService-Info.plist */; };
		22067579200BFB2300236C2D /* Assets.xcassets in Resources */ = {isa = PBXBuildFile; fileRef = 22067578200BFB2200236C2D /* Assets.xcassets */; };
		22253A4E202E284A008F740A /* MBProgressHUD.framework in Frameworks */ = {isa = PBXBuildFile; fileRef = 22253A4D202E284A008F740A /* MBProgressHUD.framework */; };
		22253A50202E2C5E008F740A /* EWToastAlerts.framework in Frameworks */ = {isa = PBXBuildFile; fileRef = 22253A4F202E2C5E008F740A /* EWToastAlerts.framework */; };
		22253A52202E3C17008F740A /* UIToast.swift in Sources */ = {isa = PBXBuildFile; fileRef = 22253A51202E3C17008F740A /* UIToast.swift */; };
		2251D31D20138DE700D08001 /* LoginController.swift in Sources */ = {isa = PBXBuildFile; fileRef = 2251D31C20138DE600D08001 /* LoginController.swift */; };
		22529C112011E75B00A99F80 /* launch_icon.png in Resources */ = {isa = PBXBuildFile; fileRef = 22529C102011E75A00A99F80 /* launch_icon.png */; };
		22529C142011EC7300A99F80 /* LoginRegister.storyboard in Resources */ = {isa = PBXBuildFile; fileRef = 22529C132011EC7300A99F80 /* LoginRegister.storyboard */; };
		22529C172011F79000A99F80 /* LoginRegisterController.swift in Sources */ = {isa = PBXBuildFile; fileRef = 22529C162011F79000A99F80 /* LoginRegisterController.swift */; };
		22630D272010F67400B15E99 /* LaunchScreen.storyboard in Resources */ = {isa = PBXBuildFile; fileRef = 22630D252010F67400B15E99 /* LaunchScreen.storyboard */; };
		2264DFD02030BA760026FE5C /* RegisterController.swift in Sources */ = {isa = PBXBuildFile; fileRef = 2264DFCF2030BA760026FE5C /* RegisterController.swift */; };
		22651E00202A0B760068C0C9 /* UserLoginDomain.swift in Sources */ = {isa = PBXBuildFile; fileRef = 22651DFF202A0B760068C0C9 /* UserLoginDomain.swift */; };
		22651E03202A1A2B0068C0C9 /* AppUrl.swift in Sources */ = {isa = PBXBuildFile; fileRef = 22651E02202A1A2B0068C0C9 /* AppUrl.swift */; };
		22651E05202A24C50068C0C9 /* KeychainWrapper.swift in Sources */ = {isa = PBXBuildFile; fileRef = 22651E04202A24C50068C0C9 /* KeychainWrapper.swift */; };
		22651E07202A24FE0068C0C9 /* KeychainItemAccessibility.swift in Sources */ = {isa = PBXBuildFile; fileRef = 22651E06202A24FD0068C0C9 /* KeychainItemAccessibility.swift */; };
		227FB8B12026EA0B00ECF83C /* UserDomain.swift in Sources */ = {isa = PBXBuildFile; fileRef = 227FB8B02026EA0B00ECF83C /* UserDomain.swift */; };
		22947272203A0457006329F3 /* IQKeyboardManager.framework in Frameworks */ = {isa = PBXBuildFile; fileRef = 22947271203A0456006329F3 /* IQKeyboardManager.framework */; };
		6E2006A81FF415E800ACC982 /* Podfile in Resources */ = {isa = PBXBuildFile; fileRef = 6E2006A71FF415E700ACC982 /* Podfile */; };
		6E9262191FF1553A00AE279F /* AppDelegate.swift in Sources */ = {isa = PBXBuildFile; fileRef = 6E9262181FF1553A00AE279F /* AppDelegate.swift */; };
		6E92621B1FF1553A00AE279F /* ViewController.swift in Sources */ = {isa = PBXBuildFile; fileRef = 6E92621A1FF1553A00AE279F /* ViewController.swift */; };
		6E92621E1FF1553A00AE279F /* Main.storyboard in Resources */ = {isa = PBXBuildFile; fileRef = 6E92621C1FF1553A00AE279F /* Main.storyboard */; };
		6E92622E1FF1553B00AE279F /* yaanaTests.swift in Sources */ = {isa = PBXBuildFile; fileRef = 6E92622D1FF1553B00AE279F /* yaanaTests.swift */; };
		6E9262391FF1553B00AE279F /* yaanaUITests.swift in Sources */ = {isa = PBXBuildFile; fileRef = 6E9262381FF1553B00AE279F /* yaanaUITests.swift */; };
		DD293053E8B4C27B8579FD08 /* libPods-yaana.a in Frameworks */ = {isa = PBXBuildFile; fileRef = C36D8B15A16F2152E3A57FDC /* libPods-yaana.a */; };
/* End PBXBuildFile section */

/* Begin PBXContainerItemProxy section */
		6E92622A1FF1553A00AE279F /* PBXContainerItemProxy */ = {
			isa = PBXContainerItemProxy;
			containerPortal = 6E92620D1FF1553A00AE279F /* Project object */;
			proxyType = 1;
			remoteGlobalIDString = 6E9262141FF1553A00AE279F;
			remoteInfo = yaana;
		};
		6E9262351FF1553B00AE279F /* PBXContainerItemProxy */ = {
			isa = PBXContainerItemProxy;
			containerPortal = 6E92620D1FF1553A00AE279F /* Project object */;
			proxyType = 1;
			remoteGlobalIDString = 6E9262141FF1553A00AE279F;
			remoteInfo = yaana;
		};
/* End PBXContainerItemProxy section */

/* Begin PBXFileReference section */
		22067576200BD9E000236C2D /* GoogleService-Info.plist */ = {isa = PBXFileReference; fileEncoding = 4; lastKnownFileType = text.plist.xml; path = "GoogleService-Info.plist"; sourceTree = "<group>"; };
		22067578200BFB2200236C2D /* Assets.xcassets */ = {isa = PBXFileReference; lastKnownFileType = folder.assetcatalog; path = Assets.xcassets; sourceTree = "<group>"; };
		22253A48202E2529008F740A /* MBProgressHUD */ = {isa = PBXFileReference; lastKnownFileType = "compiled.mach-o.dylib"; name = MBProgressHUD; path = Carthage/Build/iOS/MBProgressHUD.framework/MBProgressHUD; sourceTree = "<group>"; };
		22253A4A202E25B8008F740A /* MBProgressHUD.framework.dSYM */ = {isa = PBXFileReference; lastKnownFileType = wrapper.dsym; name = MBProgressHUD.framework.dSYM; path = Carthage/Build/iOS/MBProgressHUD.framework.dSYM; sourceTree = "<group>"; };
		22253A4D202E284A008F740A /* MBProgressHUD.framework */ = {isa = PBXFileReference; lastKnownFileType = wrapper.framework; name = MBProgressHUD.framework; path = Carthage/Build/iOS/MBProgressHUD.framework; sourceTree = "<group>"; };
		22253A4F202E2C5E008F740A /* EWToastAlerts.framework */ = {isa = PBXFileReference; lastKnownFileType = wrapper.framework; name = EWToastAlerts.framework; path = Carthage/Build/iOS/EWToastAlerts.framework; sourceTree = "<group>"; };
		22253A51202E3C17008F740A /* UIToast.swift */ = {isa = PBXFileReference; lastKnownFileType = sourcecode.swift; path = UIToast.swift; sourceTree = "<group>"; };
		2251D31C20138DE600D08001 /* LoginController.swift */ = {isa = PBXFileReference; lastKnownFileType = sourcecode.swift; path = LoginController.swift; sourceTree = "<group>"; };
		22529C102011E75A00A99F80 /* launch_icon.png */ = {isa = PBXFileReference; lastKnownFileType = image.png; name = launch_icon.png; path = ../../Images/launch_icon.png; sourceTree = "<group>"; };
		22529C132011EC7300A99F80 /* LoginRegister.storyboard */ = {isa = PBXFileReference; lastKnownFileType = file.storyboard; path = LoginRegister.storyboard; sourceTree = "<group>"; };
		22529C162011F79000A99F80 /* LoginRegisterController.swift */ = {isa = PBXFileReference; lastKnownFileType = sourcecode.swift; path = LoginRegisterController.swift; sourceTree = "<group>"; };
		22630D262010F67400B15E99 /* Base */ = {isa = PBXFileReference; lastKnownFileType = file.storyboard; name = Base; path = Base.lproj/LaunchScreen.storyboard; sourceTree = "<group>"; };
		2264DFCF2030BA760026FE5C /* RegisterController.swift */ = {isa = PBXFileReference; lastKnownFileType = sourcecode.swift; path = RegisterController.swift; sourceTree = "<group>"; };
		22651DFF202A0B760068C0C9 /* UserLoginDomain.swift */ = {isa = PBXFileReference; lastKnownFileType = sourcecode.swift; path = UserLoginDomain.swift; sourceTree = "<group>"; };
		22651E02202A1A2B0068C0C9 /* AppUrl.swift */ = {isa = PBXFileReference; lastKnownFileType = sourcecode.swift; path = AppUrl.swift; sourceTree = "<group>"; };
		22651E04202A24C50068C0C9 /* KeychainWrapper.swift */ = {isa = PBXFileReference; fileEncoding = 4; lastKnownFileType = sourcecode.swift; path = KeychainWrapper.swift; sourceTree = "<group>"; };
		22651E06202A24FD0068C0C9 /* KeychainItemAccessibility.swift */ = {isa = PBXFileReference; fileEncoding = 4; lastKnownFileType = sourcecode.swift; path = KeychainItemAccessibility.swift; sourceTree = "<group>"; };
		227FB8B02026EA0B00ECF83C /* UserDomain.swift */ = {isa = PBXFileReference; lastKnownFileType = sourcecode.swift; path = UserDomain.swift; sourceTree = "<group>"; };
		2294726F203A0437006329F3 /* Carthage */ = {isa = PBXFileReference; lastKnownFileType = folder; path = Carthage; sourceTree = "<group>"; };
		22947271203A0456006329F3 /* IQKeyboardManager.framework */ = {isa = PBXFileReference; lastKnownFileType = wrapper.framework; name = IQKeyboardManager.framework; path = Carthage/Build/iOS/IQKeyboardManager.framework; sourceTree = "<group>"; };
		6E2006A71FF415E700ACC982 /* Podfile */ = {isa = PBXFileReference; lastKnownFileType = text.xml; path = Podfile; sourceTree = "<group>"; xcLanguageSpecificationIdentifier = xcode.lang.ruby; };
		6E9262151FF1553A00AE279F /* yaana.app */ = {isa = PBXFileReference; explicitFileType = wrapper.application; includeInIndex = 0; path = yaana.app; sourceTree = BUILT_PRODUCTS_DIR; };
		6E9262181FF1553A00AE279F /* AppDelegate.swift */ = {isa = PBXFileReference; lastKnownFileType = sourcecode.swift; path = AppDelegate.swift; sourceTree = "<group>"; };
		6E92621A1FF1553A00AE279F /* ViewController.swift */ = {isa = PBXFileReference; lastKnownFileType = sourcecode.swift; path = ViewController.swift; sourceTree = "<group>"; };
		6E92621D1FF1553A00AE279F /* Base */ = {isa = PBXFileReference; lastKnownFileType = file.storyboard; name = Base; path = Base.lproj/Main.storyboard; sourceTree = "<group>"; };
		6E9262241FF1553A00AE279F /* Info.plist */ = {isa = PBXFileReference; lastKnownFileType = text.plist.xml; path = Info.plist; sourceTree = "<group>"; };
		6E9262291FF1553A00AE279F /* yaanaTests.xctest */ = {isa = PBXFileReference; explicitFileType = wrapper.cfbundle; includeInIndex = 0; path = yaanaTests.xctest; sourceTree = BUILT_PRODUCTS_DIR; };
		6E92622D1FF1553B00AE279F /* yaanaTests.swift */ = {isa = PBXFileReference; lastKnownFileType = sourcecode.swift; path = yaanaTests.swift; sourceTree = "<group>"; };
		6E92622F1FF1553B00AE279F /* Info.plist */ = {isa = PBXFileReference; lastKnownFileType = text.plist.xml; path = Info.plist; sourceTree = "<group>"; };
		6E9262341FF1553B00AE279F /* yaanaUITests.xctest */ = {isa = PBXFileReference; explicitFileType = wrapper.cfbundle; includeInIndex = 0; path = yaanaUITests.xctest; sourceTree = BUILT_PRODUCTS_DIR; };
		6E9262381FF1553B00AE279F /* yaanaUITests.swift */ = {isa = PBXFileReference; lastKnownFileType = sourcecode.swift; path = yaanaUITests.swift; sourceTree = "<group>"; };
		6E92623A1FF1553B00AE279F /* Info.plist */ = {isa = PBXFileReference; lastKnownFileType = text.plist.xml; path = Info.plist; sourceTree = "<group>"; };
		71514C2711CB2DEB7D8CB975 /* Pods-yaana.debug.xcconfig */ = {isa = PBXFileReference; includeInIndex = 1; lastKnownFileType = text.xcconfig; name = "Pods-yaana.debug.xcconfig"; path = "Pods/Target Support Files/Pods-yaana/Pods-yaana.debug.xcconfig"; sourceTree = "<group>"; };
		7942A7CD50A269FCB4CDE4CF /* Pods-yaana.release.xcconfig */ = {isa = PBXFileReference; includeInIndex = 1; lastKnownFileType = text.xcconfig; name = "Pods-yaana.release.xcconfig"; path = "Pods/Target Support Files/Pods-yaana/Pods-yaana.release.xcconfig"; sourceTree = "<group>"; };
		C36D8B15A16F2152E3A57FDC /* libPods-yaana.a */ = {isa = PBXFileReference; explicitFileType = archive.ar; includeInIndex = 0; path = "libPods-yaana.a"; sourceTree = BUILT_PRODUCTS_DIR; };
/* End PBXFileReference section */

/* Begin PBXFrameworksBuildPhase section */
		6E9262121FF1553A00AE279F /* Frameworks */ = {
			isa = PBXFrameworksBuildPhase;
			buildActionMask = 2147483647;
			files = (
				22947272203A0457006329F3 /* IQKeyboardManager.framework in Frameworks */,
				DD293053E8B4C27B8579FD08 /* libPods-yaana.a in Frameworks */,
				22253A4E202E284A008F740A /* MBProgressHUD.framework in Frameworks */,
				22253A50202E2C5E008F740A /* EWToastAlerts.framework in Frameworks */,
			);
			runOnlyForDeploymentPostprocessing = 0;
		};
		6E9262261FF1553A00AE279F /* Frameworks */ = {
			isa = PBXFrameworksBuildPhase;
			buildActionMask = 2147483647;
			files = (
			);
			runOnlyForDeploymentPostprocessing = 0;
		};
		6E9262311FF1553B00AE279F /* Frameworks */ = {
			isa = PBXFrameworksBuildPhase;
			buildActionMask = 2147483647;
			files = (
			);
			runOnlyForDeploymentPostprocessing = 0;
		};
/* End PBXFrameworksBuildPhase section */

/* Begin PBXGroup section */
		22529C122011EC2900A99F80 /* LoginRegister */ = {
			isa = PBXGroup;
			children = (
				22529C162011F79000A99F80 /* LoginRegisterController.swift */,
				22529C132011EC7300A99F80 /* LoginRegister.storyboard */,
				2251D31C20138DE600D08001 /* LoginController.swift */,
				2264DFCF2030BA760026FE5C /* RegisterController.swift */,
			);
			path = LoginRegister;
			sourceTree = "<group>";
		};
		22529C182011FBE600A99F80 /* Main */ = {
			isa = PBXGroup;
			children = (
				6E92621A1FF1553A00AE279F /* ViewController.swift */,
				6E92621C1FF1553A00AE279F /* Main.storyboard */,
			);
			path = Main;
			sourceTree = "<group>";
		};
		22651E01202A19AF0068C0C9 /* Constants */ = {
			isa = PBXGroup;
			children = (
				22651E02202A1A2B0068C0C9 /* AppUrl.swift */,
				22253A51202E3C17008F740A /* UIToast.swift */,
			);
			path = Constants;
			sourceTree = "<group>";
		};
		227FB8AF2026E9AE00ECF83C /* Domain */ = {
			isa = PBXGroup;
			children = (
				227FB8B02026EA0B00ECF83C /* UserDomain.swift */,
				22651DFF202A0B760068C0C9 /* UserLoginDomain.swift */,
			);
			path = Domain;
			sourceTree = "<group>";
		};
		4F37166E50A26CF656F35397 /* Frameworks */ = {
			isa = PBXGroup;
			children = (
				22947271203A0456006329F3 /* IQKeyboardManager.framework */,
				2294726F203A0437006329F3 /* Carthage */,
				22253A4F202E2C5E008F740A /* EWToastAlerts.framework */,
				22253A4D202E284A008F740A /* MBProgressHUD.framework */,
				22253A4A202E25B8008F740A /* MBProgressHUD.framework.dSYM */,
				22253A48202E2529008F740A /* MBProgressHUD */,
				C36D8B15A16F2152E3A57FDC /* libPods-yaana.a */,
			);
			name = Frameworks;
			sourceTree = "<group>";
		};
		6E92620C1FF1553A00AE279F = {
			isa = PBXGroup;
			children = (
				6E2006A71FF415E700ACC982 /* Podfile */,
				6E9262171FF1553A00AE279F /* yaana */,
				6E92622C1FF1553B00AE279F /* yaanaTests */,
				6E9262371FF1553B00AE279F /* yaanaUITests */,
				6E9262161FF1553A00AE279F /* Products */,
				B27E22F6DE415992B1A4399E /* Pods */,
				4F37166E50A26CF656F35397 /* Frameworks */,
			);
			sourceTree = "<group>";
		};
		6E9262161FF1553A00AE279F /* Products */ = {
			isa = PBXGroup;
			children = (
				6E9262151FF1553A00AE279F /* yaana.app */,
				6E9262291FF1553A00AE279F /* yaanaTests.xctest */,
				6E9262341FF1553B00AE279F /* yaanaUITests.xctest */,
			);
			name = Products;
			sourceTree = "<group>";
		};
		6E9262171FF1553A00AE279F /* yaana */ = {
			isa = PBXGroup;
			children = (
				22651E01202A19AF0068C0C9 /* Constants */,
				227FB8AF2026E9AE00ECF83C /* Domain */,
				22529C182011FBE600A99F80 /* Main */,
				22529C122011EC2900A99F80 /* LoginRegister */,
				22067576200BD9E000236C2D /* GoogleService-Info.plist */,
				6E9262181FF1553A00AE279F /* AppDelegate.swift */,
				22651E06202A24FD0068C0C9 /* KeychainItemAccessibility.swift */,
				22651E04202A24C50068C0C9 /* KeychainWrapper.swift */,
				22630D252010F67400B15E99 /* LaunchScreen.storyboard */,
				22067578200BFB2200236C2D /* Assets.xcassets */,
				22529C102011E75A00A99F80 /* launch_icon.png */,
				6E9262241FF1553A00AE279F /* Info.plist */,
			);
			path = yaana;
			sourceTree = "<group>";
		};
		6E92622C1FF1553B00AE279F /* yaanaTests */ = {
			isa = PBXGroup;
			children = (
				6E92622D1FF1553B00AE279F /* yaanaTests.swift */,
				6E92622F1FF1553B00AE279F /* Info.plist */,
			);
			path = yaanaTests;
			sourceTree = "<group>";
		};
		6E9262371FF1553B00AE279F /* yaanaUITests */ = {
			isa = PBXGroup;
			children = (
				6E9262381FF1553B00AE279F /* yaanaUITests.swift */,
				6E92623A1FF1553B00AE279F /* Info.plist */,
			);
			path = yaanaUITests;
			sourceTree = "<group>";
		};
		B27E22F6DE415992B1A4399E /* Pods */ = {
			isa = PBXGroup;
			children = (
				71514C2711CB2DEB7D8CB975 /* Pods-yaana.debug.xcconfig */,
				7942A7CD50A269FCB4CDE4CF /* Pods-yaana.release.xcconfig */,
			);
			name = Pods;
			sourceTree = "<group>";
		};
/* End PBXGroup section */

/* Begin PBXNativeTarget section */
		6E9262141FF1553A00AE279F /* yaana */ = {
			isa = PBXNativeTarget;
			buildConfigurationList = 6E92623D1FF1553B00AE279F /* Build configuration list for PBXNativeTarget "yaana" */;
			buildPhases = (
				ABF42BE3E008EFEA3A908960 /* [CP] Check Pods Manifest.lock */,
				6E9262111FF1553A00AE279F /* Sources */,
				6E9262121FF1553A00AE279F /* Frameworks */,
				6E9262131FF1553A00AE279F /* Resources */,
				5DD5125CDCF6938AD96FBC7A /* [CP] Embed Pods Frameworks */,
				CB1036F48EA1D3B4050B2FF2 /* [CP] Copy Pods Resources */,
				22253A4C202E25FD008F740A /* ShellScript */,
			);
			buildRules = (
			);
			dependencies = (
			);
			name = yaana;
			productName = yaana;
			productReference = 6E9262151FF1553A00AE279F /* yaana.app */;
			productType = "com.apple.product-type.application";
		};
		6E9262281FF1553A00AE279F /* yaanaTests */ = {
			isa = PBXNativeTarget;
			buildConfigurationList = 6E9262401FF1553B00AE279F /* Build configuration list for PBXNativeTarget "yaanaTests" */;
			buildPhases = (
				6E9262251FF1553A00AE279F /* Sources */,
				6E9262261FF1553A00AE279F /* Frameworks */,
				6E9262271FF1553A00AE279F /* Resources */,
			);
			buildRules = (
			);
			dependencies = (
				6E92622B1FF1553A00AE279F /* PBXTargetDependency */,
			);
			name = yaanaTests;
			productName = yaanaTests;
			productReference = 6E9262291FF1553A00AE279F /* yaanaTests.xctest */;
			productType = "com.apple.product-type.bundle.unit-test";
		};
		6E9262331FF1553B00AE279F /* yaanaUITests */ = {
			isa = PBXNativeTarget;
			buildConfigurationList = 6E9262431FF1553B00AE279F /* Build configuration list for PBXNativeTarget "yaanaUITests" */;
			buildPhases = (
				6E9262301FF1553B00AE279F /* Sources */,
				6E9262311FF1553B00AE279F /* Frameworks */,
				6E9262321FF1553B00AE279F /* Resources */,
			);
			buildRules = (
			);
			dependencies = (
				6E9262361FF1553B00AE279F /* PBXTargetDependency */,
			);
			name = yaanaUITests;
			productName = yaanaUITests;
			productReference = 6E9262341FF1553B00AE279F /* yaanaUITests.xctest */;
			productType = "com.apple.product-type.bundle.ui-testing";
		};
/* End PBXNativeTarget section */

/* Begin PBXProject section */
		6E92620D1FF1553A00AE279F /* Project object */ = {
			isa = PBXProject;
			attributes = {
				LastSwiftUpdateCheck = 0920;
				LastUpgradeCheck = 0920;
				ORGANIZATIONNAME = Yaana;
				TargetAttributes = {
					6E9262141FF1553A00AE279F = {
						CreatedOnToolsVersion = 9.2;
						ProvisioningStyle = Manual;
					};
					6E9262281FF1553A00AE279F = {
						CreatedOnToolsVersion = 9.2;
						ProvisioningStyle = Automatic;
						TestTargetID = 6E9262141FF1553A00AE279F;
					};
					6E9262331FF1553B00AE279F = {
						CreatedOnToolsVersion = 9.2;
						ProvisioningStyle = Automatic;
						TestTargetID = 6E9262141FF1553A00AE279F;
					};
				};
			};
			buildConfigurationList = 6E9262101FF1553A00AE279F /* Build configuration list for PBXProject "yaana" */;
			compatibilityVersion = "Xcode 8.0";
			developmentRegion = en;
			hasScannedForEncodings = 0;
			knownRegions = (
				en,
				Base,
			);
			mainGroup = 6E92620C1FF1553A00AE279F;
			productRefGroup = 6E9262161FF1553A00AE279F /* Products */;
			projectDirPath = "";
			projectRoot = "";
			targets = (
				6E9262141FF1553A00AE279F /* yaana */,
				6E9262281FF1553A00AE279F /* yaanaTests */,
				6E9262331FF1553B00AE279F /* yaanaUITests */,
			);
		};
/* End PBXProject section */

/* Begin PBXResourcesBuildPhase section */
		6E9262131FF1553A00AE279F /* Resources */ = {
			isa = PBXResourcesBuildPhase;
			buildActionMask = 2147483647;
			files = (
				22067577200BD9E000236C2D /* GoogleService-Info.plist in Resources */,
				6E92621E1FF1553A00AE279F /* Main.storyboard in Resources */,
				22529C142011EC7300A99F80 /* LoginRegister.storyboard in Resources */,
				22067579200BFB2300236C2D /* Assets.xcassets in Resources */,
				22529C112011E75B00A99F80 /* launch_icon.png in Resources */,
				22630D272010F67400B15E99 /* LaunchScreen.storyboard in Resources */,
				6E2006A81FF415E800ACC982 /* Podfile in Resources */,
			);
			runOnlyForDeploymentPostprocessing = 0;
		};
		6E9262271FF1553A00AE279F /* Resources */ = {
			isa = PBXResourcesBuildPhase;
			buildActionMask = 2147483647;
			files = (
			);
			runOnlyForDeploymentPostprocessing = 0;
		};
		6E9262321FF1553B00AE279F /* Resources */ = {
			isa = PBXResourcesBuildPhase;
			buildActionMask = 2147483647;
			files = (
			);
			runOnlyForDeploymentPostprocessing = 0;
		};
/* End PBXResourcesBuildPhase section */

/* Begin PBXShellScriptBuildPhase section */
		22253A4C202E25FD008F740A /* ShellScript */ = {
			isa = PBXShellScriptBuildPhase;
			buildActionMask = 2147483647;
			files = (
			);
			inputPaths = (
				"$(SRCROOT)/Carthage/Build/iOS/MBProgressHUD.framework",
				"$(SRCROOT)/Carthage/Build/iOS/EWToastAlerts.framework",
				"$(SRCROOT)/Carthage/Build/iOS/IQKeyboardManager.framework",
			);
			outputPaths = (
				"$(BUILT_PRODUCTS_DIR)/$(FRAMEWORKS_FOLDER_PATH)/MBProgressHUD.framework",
				"$(BUILT_PRODUCTS_DIR)/$(FRAMEWORKS_FOLDER_PATH)/EWToastAlerts.framework",
				"$(BUILT_PRODUCTS_DIR)/$(FRAMEWORKS_FOLDER_PATH)/IQKeyboardManager.framework",
			);
			runOnlyForDeploymentPostprocessing = 0;
			shellPath = /bin/sh;
			shellScript = "/usr/local/bin/carthage copy-frameworks";
		};
		5DD5125CDCF6938AD96FBC7A /* [CP] Embed Pods Frameworks */ = {
			isa = PBXShellScriptBuildPhase;
			buildActionMask = 2147483647;
			files = (
			);
			inputPaths = (
			);
			name = "[CP] Embed Pods Frameworks";
			outputPaths = (
			);
			runOnlyForDeploymentPostprocessing = 0;
			shellPath = /bin/sh;
			shellScript = "\"${SRCROOT}/Pods/Target Support Files/Pods-yaana/Pods-yaana-frameworks.sh\"\n";
			showEnvVarsInLog = 0;
		};
		ABF42BE3E008EFEA3A908960 /* [CP] Check Pods Manifest.lock */ = {
			isa = PBXShellScriptBuildPhase;
			buildActionMask = 2147483647;
			files = (
			);
			inputPaths = (
				"${PODS_PODFILE_DIR_PATH}/Podfile.lock",
				"${PODS_ROOT}/Manifest.lock",
			);
			name = "[CP] Check Pods Manifest.lock";
			outputPaths = (
				"$(DERIVED_FILE_DIR)/Pods-yaana-checkManifestLockResult.txt",
			);
			runOnlyForDeploymentPostprocessing = 0;
			shellPath = /bin/sh;
			shellScript = "diff \"${PODS_PODFILE_DIR_PATH}/Podfile.lock\" \"${PODS_ROOT}/Manifest.lock\" > /dev/null\nif [ $? != 0 ] ; then\n    # print error to STDERR\n    echo \"error: The sandbox is not in sync with the Podfile.lock. Run 'pod install' or update your CocoaPods installation.\" >&2\n    exit 1\nfi\n# This output is used by Xcode 'outputs' to avoid re-running this script phase.\necho \"SUCCESS\" > \"${SCRIPT_OUTPUT_FILE_0}\"\n";
			showEnvVarsInLog = 0;
		};
		CB1036F48EA1D3B4050B2FF2 /* [CP] Copy Pods Resources */ = {
			isa = PBXShellScriptBuildPhase;
			buildActionMask = 2147483647;
			files = (
			);
			inputPaths = (
				"${SRCROOT}/Pods/Target Support Files/Pods-yaana/Pods-yaana-resources.sh",
				"${PODS_ROOT}/GoogleMaps/Maps/Frameworks/GoogleMaps.framework/Resources/GoogleMaps.bundle",
				"${PODS_ROOT}/GooglePlaces/Frameworks/GooglePlaces.framework/Resources/GooglePlaces.bundle",
			);
			name = "[CP] Copy Pods Resources";
			outputPaths = (
				"${TARGET_BUILD_DIR}/${UNLOCALIZED_RESOURCES_FOLDER_PATH}",
			);
			runOnlyForDeploymentPostprocessing = 0;
			shellPath = /bin/sh;
			shellScript = "\"${SRCROOT}/Pods/Target Support Files/Pods-yaana/Pods-yaana-resources.sh\"\n";
			showEnvVarsInLog = 0;
		};
/* End PBXShellScriptBuildPhase section */

/* Begin PBXSourcesBuildPhase section */
		6E9262111FF1553A00AE279F /* Sources */ = {
			isa = PBXSourcesBuildPhase;
			buildActionMask = 2147483647;
			files = (
				22651E00202A0B760068C0C9 /* UserLoginDomain.swift in Sources */,
				22651E03202A1A2B0068C0C9 /* AppUrl.swift in Sources */,
				2264DFD02030BA760026FE5C /* RegisterController.swift in Sources */,
				22529C172011F79000A99F80 /* LoginRegisterController.swift in Sources */,
				2251D31D20138DE700D08001 /* LoginController.swift in Sources */,
				6E92621B1FF1553A00AE279F /* ViewController.swift in Sources */,
				22253A52202E3C17008F740A /* UIToast.swift in Sources */,
				22651E07202A24FE0068C0C9 /* KeychainItemAccessibility.swift in Sources */,
				22651E05202A24C50068C0C9 /* KeychainWrapper.swift in Sources */,
				6E9262191FF1553A00AE279F /* AppDelegate.swift in Sources */,
				227FB8B12026EA0B00ECF83C /* UserDomain.swift in Sources */,
			);
			runOnlyForDeploymentPostprocessing = 0;
		};
		6E9262251FF1553A00AE279F /* Sources */ = {
			isa = PBXSourcesBuildPhase;
			buildActionMask = 2147483647;
			files = (
				6E92622E1FF1553B00AE279F /* yaanaTests.swift in Sources */,
			);
			runOnlyForDeploymentPostprocessing = 0;
		};
		6E9262301FF1553B00AE279F /* Sources */ = {
			isa = PBXSourcesBuildPhase;
			buildActionMask = 2147483647;
			files = (
				6E9262391FF1553B00AE279F /* yaanaUITests.swift in Sources */,
			);
			runOnlyForDeploymentPostprocessing = 0;
		};
/* End PBXSourcesBuildPhase section */

/* Begin PBXTargetDependency section */
		6E92622B1FF1553A00AE279F /* PBXTargetDependency */ = {
			isa = PBXTargetDependency;
			target = 6E9262141FF1553A00AE279F /* yaana */;
			targetProxy = 6E92622A1FF1553A00AE279F /* PBXContainerItemProxy */;
		};
		6E9262361FF1553B00AE279F /* PBXTargetDependency */ = {
			isa = PBXTargetDependency;
			target = 6E9262141FF1553A00AE279F /* yaana */;
			targetProxy = 6E9262351FF1553B00AE279F /* PBXContainerItemProxy */;
		};
/* End PBXTargetDependency section */

/* Begin PBXVariantGroup section */
		22630D252010F67400B15E99 /* LaunchScreen.storyboard */ = {
			isa = PBXVariantGroup;
			children = (
				22630D262010F67400B15E99 /* Base */,
			);
			name = LaunchScreen.storyboard;
			sourceTree = "<group>";
		};
		6E92621C1FF1553A00AE279F /* Main.storyboard */ = {
			isa = PBXVariantGroup;
			children = (
				6E92621D1FF1553A00AE279F /* Base */,
			);
			name = Main.storyboard;
			sourceTree = "<group>";
		};
/* End PBXVariantGroup section */

/* Begin XCBuildConfiguration section */
		6E92623B1FF1553B00AE279F /* Debug */ = {
			isa = XCBuildConfiguration;
			buildSettings = {
				ALWAYS_SEARCH_USER_PATHS = NO;
				CLANG_ANALYZER_NONNULL = YES;
				CLANG_ANALYZER_NUMBER_OBJECT_CONVERSION = YES_AGGRESSIVE;
				CLANG_CXX_LANGUAGE_STANDARD = "gnu++14";
				CLANG_CXX_LIBRARY = "libc++";
				CLANG_ENABLE_MODULES = YES;
				CLANG_ENABLE_OBJC_ARC = YES;
				CLANG_WARN_BLOCK_CAPTURE_AUTORELEASING = YES;
				CLANG_WARN_BOOL_CONVERSION = YES;
				CLANG_WARN_COMMA = YES;
				CLANG_WARN_CONSTANT_CONVERSION = YES;
				CLANG_WARN_DIRECT_OBJC_ISA_USAGE = YES_ERROR;
				CLANG_WARN_DOCUMENTATION_COMMENTS = YES;
				CLANG_WARN_EMPTY_BODY = YES;
				CLANG_WARN_ENUM_CONVERSION = YES;
				CLANG_WARN_INFINITE_RECURSION = YES;
				CLANG_WARN_INT_CONVERSION = YES;
				CLANG_WARN_NON_LITERAL_NULL_CONVERSION = YES;
				CLANG_WARN_OBJC_LITERAL_CONVERSION = YES;
				CLANG_WARN_OBJC_ROOT_CLASS = YES_ERROR;
				CLANG_WARN_RANGE_LOOP_ANALYSIS = YES;
				CLANG_WARN_STRICT_PROTOTYPES = YES;
				CLANG_WARN_SUSPICIOUS_MOVE = YES;
				CLANG_WARN_UNGUARDED_AVAILABILITY = YES_AGGRESSIVE;
				CLANG_WARN_UNREACHABLE_CODE = YES;
				CLANG_WARN__DUPLICATE_METHOD_MATCH = YES;
				CODE_SIGN_IDENTITY = "iPhone Developer";
				COPY_PHASE_STRIP = NO;
				DEBUG_INFORMATION_FORMAT = dwarf;
				ENABLE_STRICT_OBJC_MSGSEND = YES;
				ENABLE_TESTABILITY = YES;
				GCC_C_LANGUAGE_STANDARD = gnu11;
				GCC_DYNAMIC_NO_PIC = NO;
				GCC_NO_COMMON_BLOCKS = YES;
				GCC_OPTIMIZATION_LEVEL = 0;
				GCC_PREPROCESSOR_DEFINITIONS = (
					"DEBUG=1",
					"$(inherited)",
				);
				GCC_WARN_64_TO_32_BIT_CONVERSION = YES;
				GCC_WARN_ABOUT_RETURN_TYPE = YES_ERROR;
				GCC_WARN_UNDECLARED_SELECTOR = YES;
				GCC_WARN_UNINITIALIZED_AUTOS = YES_AGGRESSIVE;
				GCC_WARN_UNUSED_FUNCTION = YES;
				GCC_WARN_UNUSED_VARIABLE = YES;
				IPHONEOS_DEPLOYMENT_TARGET = 11.2;
				MTL_ENABLE_DEBUG_INFO = YES;
				ONLY_ACTIVE_ARCH = YES;
				SDKROOT = iphoneos;
				SWIFT_ACTIVE_COMPILATION_CONDITIONS = DEBUG;
				SWIFT_OPTIMIZATION_LEVEL = "-Onone";
			};
			name = Debug;
		};
		6E92623C1FF1553B00AE279F /* Release */ = {
			isa = XCBuildConfiguration;
			buildSettings = {
				ALWAYS_SEARCH_USER_PATHS = NO;
				CLANG_ANALYZER_NONNULL = YES;
				CLANG_ANALYZER_NUMBER_OBJECT_CONVERSION = YES_AGGRESSIVE;
				CLANG_CXX_LANGUAGE_STANDARD = "gnu++14";
				CLANG_CXX_LIBRARY = "libc++";
				CLANG_ENABLE_MODULES = YES;
				CLANG_ENABLE_OBJC_ARC = YES;
				CLANG_WARN_BLOCK_CAPTURE_AUTORELEASING = YES;
				CLANG_WARN_BOOL_CONVERSION = YES;
				CLANG_WARN_COMMA = YES;
				CLANG_WARN_CONSTANT_CONVERSION = YES;
				CLANG_WARN_DIRECT_OBJC_ISA_USAGE = YES_ERROR;
				CLANG_WARN_DOCUMENTATION_COMMENTS = YES;
				CLANG_WARN_EMPTY_BODY = YES;
				CLANG_WARN_ENUM_CONVERSION = YES;
				CLANG_WARN_INFINITE_RECURSION = YES;
				CLANG_WARN_INT_CONVERSION = YES;
				CLANG_WARN_NON_LITERAL_NULL_CONVERSION = YES;
				CLANG_WARN_OBJC_LITERAL_CONVERSION = YES;
				CLANG_WARN_OBJC_ROOT_CLASS = YES_ERROR;
				CLANG_WARN_RANGE_LOOP_ANALYSIS = YES;
				CLANG_WARN_STRICT_PROTOTYPES = YES;
				CLANG_WARN_SUSPICIOUS_MOVE = YES;
				CLANG_WARN_UNGUARDED_AVAILABILITY = YES_AGGRESSIVE;
				CLANG_WARN_UNREACHABLE_CODE = YES;
				CLANG_WARN__DUPLICATE_METHOD_MATCH = YES;
				CODE_SIGN_IDENTITY = "iPhone Developer";
				COPY_PHASE_STRIP = NO;
				DEBUG_INFORMATION_FORMAT = "dwarf-with-dsym";
				ENABLE_NS_ASSERTIONS = NO;
				ENABLE_STRICT_OBJC_MSGSEND = YES;
				GCC_C_LANGUAGE_STANDARD = gnu11;
				GCC_NO_COMMON_BLOCKS = YES;
				GCC_WARN_64_TO_32_BIT_CONVERSION = YES;
				GCC_WARN_ABOUT_RETURN_TYPE = YES_ERROR;
				GCC_WARN_UNDECLARED_SELECTOR = YES;
				GCC_WARN_UNINITIALIZED_AUTOS = YES_AGGRESSIVE;
				GCC_WARN_UNUSED_FUNCTION = YES;
				GCC_WARN_UNUSED_VARIABLE = YES;
				IPHONEOS_DEPLOYMENT_TARGET = 11.2;
				MTL_ENABLE_DEBUG_INFO = NO;
				SDKROOT = iphoneos;
				SWIFT_OPTIMIZATION_LEVEL = "-Owholemodule";
				VALIDATE_PRODUCT = YES;
			};
			name = Release;
		};
		6E92623E1FF1553B00AE279F /* Debug */ = {
			isa = XCBuildConfiguration;
			baseConfigurationReference = 71514C2711CB2DEB7D8CB975 /* Pods-yaana.debug.xcconfig */;
			buildSettings = {
				ASSETCATALOG_COMPILER_APPICON_NAME = AppIcon;
				"CODE_SIGN_IDENTITY[sdk=iphoneos*]" = "iPhone Developer";
				CODE_SIGN_STYLE = Manual;
				DEVELOPMENT_TEAM = "";
				FRAMEWORK_SEARCH_PATHS = (
					"$(inherited)",
					"$(PROJECT_DIR)/Carthage/Build/iOS",
				);
				INFOPLIST_FILE = yaana/Info.plist;
				IPHONEOS_DEPLOYMENT_TARGET = 11.2;
				LD_RUNPATH_SEARCH_PATHS = "$(inherited) @executable_path/Frameworks";
				LIBRARY_SEARCH_PATHS = (
					"$(inherited)",
					"$(PROJECT_DIR)/Carthage/Build/iOS/MBProgressHUD.framework",
				);
				PRODUCT_BUNDLE_IDENTIFIER = in.net.yaana;
				PRODUCT_NAME = "$(TARGET_NAME)";
				PROVISIONING_PROFILE_SPECIFIER = "";
				SWIFT_VERSION = 4.0;
				TARGETED_DEVICE_FAMILY = "1,2";
			};
			name = Debug;
		};
		6E92623F1FF1553B00AE279F /* Release */ = {
			isa = XCBuildConfiguration;
			baseConfigurationReference = 7942A7CD50A269FCB4CDE4CF /* Pods-yaana.release.xcconfig */;
			buildSettings = {
				ASSETCATALOG_COMPILER_APPICON_NAME = AppIcon;
				"CODE_SIGN_IDENTITY[sdk=iphoneos*]" = "iPhone Developer";
				CODE_SIGN_STYLE = Manual;
				DEVELOPMENT_TEAM = "";
				FRAMEWORK_SEARCH_PATHS = (
					"$(inherited)",
					"$(PROJECT_DIR)/Carthage/Build/iOS",
				);
				INFOPLIST_FILE = yaana/Info.plist;
				IPHONEOS_DEPLOYMENT_TARGET = 11.2;
				LD_RUNPATH_SEARCH_PATHS = "$(inherited) @executable_path/Frameworks";
				LIBRARY_SEARCH_PATHS = (
					"$(inherited)",
					"$(PROJECT_DIR)/Carthage/Build/iOS/MBProgressHUD.framework",
				);
				PRODUCT_BUNDLE_IDENTIFIER = in.net.yaana;
				PRODUCT_NAME = "$(TARGET_NAME)";
				PROVISIONING_PROFILE_SPECIFIER = "";
				SWIFT_VERSION = 4.0;
				TARGETED_DEVICE_FAMILY = "1,2";
			};
			name = Release;
		};
		6E9262411FF1553B00AE279F /* Debug */ = {
			isa = XCBuildConfiguration;
			buildSettings = {
				ALWAYS_EMBED_SWIFT_STANDARD_LIBRARIES = YES;
				BUNDLE_LOADER = "$(TEST_HOST)";
				CODE_SIGN_STYLE = Automatic;
				INFOPLIST_FILE = yaanaTests/Info.plist;
				LD_RUNPATH_SEARCH_PATHS = "$(inherited) @executable_path/Frameworks @loader_path/Frameworks";
				PRODUCT_BUNDLE_IDENTIFIER = in.net.yaanaTests;
				PRODUCT_NAME = "$(TARGET_NAME)";
				SWIFT_VERSION = 4.0;
				TARGETED_DEVICE_FAMILY = "1,2";
				TEST_HOST = "$(BUILT_PRODUCTS_DIR)/yaana.app/yaana";
			};
			name = Debug;
		};
		6E9262421FF1553B00AE279F /* Release */ = {
			isa = XCBuildConfiguration;
			buildSettings = {
				ALWAYS_EMBED_SWIFT_STANDARD_LIBRARIES = YES;
				BUNDLE_LOADER = "$(TEST_HOST)";
				CODE_SIGN_STYLE = Automatic;
				INFOPLIST_FILE = yaanaTests/Info.plist;
				LD_RUNPATH_SEARCH_PATHS = "$(inherited) @executable_path/Frameworks @loader_path/Frameworks";
				PRODUCT_BUNDLE_IDENTIFIER = in.net.yaanaTests;
				PRODUCT_NAME = "$(TARGET_NAME)";
				SWIFT_VERSION = 4.0;
				TARGETED_DEVICE_FAMILY = "1,2";
				TEST_HOST = "$(BUILT_PRODUCTS_DIR)/yaana.app/yaana";
			};
			name = Release;
		};
		6E9262441FF1553B00AE279F /* Debug */ = {
			isa = XCBuildConfiguration;
			buildSettings = {
				ALWAYS_EMBED_SWIFT_STANDARD_LIBRARIES = YES;
				CODE_SIGN_STYLE = Automatic;
				INFOPLIST_FILE = yaanaUITests/Info.plist;
				LD_RUNPATH_SEARCH_PATHS = "$(inherited) @executable_path/Frameworks @loader_path/Frameworks";
				PRODUCT_BUNDLE_IDENTIFIER = in.net.yaanaUITests;
				PRODUCT_NAME = "$(TARGET_NAME)";
				SWIFT_VERSION = 4.0;
				TARGETED_DEVICE_FAMILY = "1,2";
				TEST_TARGET_NAME = yaana;
			};
			name = Debug;
		};
		6E9262451FF1553B00AE279F /* Release */ = {
			isa = XCBuildConfiguration;
			buildSettings = {
				ALWAYS_EMBED_SWIFT_STANDARD_LIBRARIES = YES;
				CODE_SIGN_STYLE = Automatic;
				INFOPLIST_FILE = yaanaUITests/Info.plist;
				LD_RUNPATH_SEARCH_PATHS = "$(inherited) @executable_path/Frameworks @loader_path/Frameworks";
				PRODUCT_BUNDLE_IDENTIFIER = in.net.yaanaUITests;
				PRODUCT_NAME = "$(TARGET_NAME)";
				SWIFT_VERSION = 4.0;
				TARGETED_DEVICE_FAMILY = "1,2";
				TEST_TARGET_NAME = yaana;
			};
			name = Release;
		};
/* End XCBuildConfiguration section */

/* Begin XCConfigurationList section */
		6E9262101FF1553A00AE279F /* Build configuration list for PBXProject "yaana" */ = {
			isa = XCConfigurationList;
			buildConfigurations = (
				6E92623B1FF1553B00AE279F /* Debug */,
				6E92623C1FF1553B00AE279F /* Release */,
			);
			defaultConfigurationIsVisible = 0;
			defaultConfigurationName = Release;
		};
		6E92623D1FF1553B00AE279F /* Build configuration list for PBXNativeTarget "yaana" */ = {
			isa = XCConfigurationList;
			buildConfigurations = (
				6E92623E1FF1553B00AE279F /* Debug */,
				6E92623F1FF1553B00AE279F /* Release */,
			);
			defaultConfigurationIsVisible = 0;
			defaultConfigurationName = Release;
		};
		6E9262401FF1553B00AE279F /* Build configuration list for PBXNativeTarget "yaanaTests" */ = {
			isa = XCConfigurationList;
			buildConfigurations = (
				6E9262411FF1553B00AE279F /* Debug */,
				6E9262421FF1553B00AE279F /* Release */,
			);
			defaultConfigurationIsVisible = 0;
			defaultConfigurationName = Release;
		};
		6E9262431FF1553B00AE279F /* Build configuration list for PBXNativeTarget "yaanaUITests" */ = {
			isa = XCConfigurationList;
			buildConfigurations = (
				6E9262441FF1553B00AE279F /* Debug */,
				6E9262451FF1553B00AE279F /* Release */,
			);
			defaultConfigurationIsVisible = 0;
			defaultConfigurationName = Release;
		};
/* End XCConfigurationList section */
	};
	rootObject = 6E92620D1FF1553A00AE279F /* Project object */;
}
